
Microsoft Visual Studio Solution File, Format Version 12.00
Project("{FAE04EC0-301F-11D3-BF4B-00C04F79EFBC}") = "Rental", "Rental\Rental.csproj", "{57A6DFB0-88B3-44A8-8905-6033975BF79C}"
EndProject
Global
	GlobalSection(SolutionConfigurationPlatforms) = preSolution
		Debug|Any CPU = Debug|Any CPU
		Release|Any CPU = Release|Any CPU
	EndGlobalSection
	GlobalSection(ProjectConfigurationPlatforms) = postSolution
		{57A6DFB0-88B3-44A8-8905-6033975BF79C}.Debug|Any CPU.ActiveCfg = Debug|Any CPU
		{57A6DFB0-88B3-44A8-8905-6033975BF79C}.Debug|Any CPU.Build.0 = Debug|Any CPU
		{57A6DFB0-88B3-44A8-8905-6033975BF79C}.Release|Any CPU.ActiveCfg = Release|Any CPU
		{57A6DFB0-88B3-44A8-8905-6033975BF79C}.Release|Any CPU.Build.0 = Release|Any CPU
	EndGlobalSection
EndGlobal
